
Microsoft Visual Studio Solution File, Format Version 12.00
# Visual Studio Version 17
VisualStudioVersion = 17.5.33312.197
MinimumVisualStudioVersion = 10.0.40219.1
Project("{8BC9CEB8-8B4A-11D0-8D11-00A0C91BC942}") = "kernel", "kernel\kernel.vcxproj", "{80B62FDF-4CBA-47A0-818D-1573C66A2340}"
EndProject
Project("{8BC9CEB8-8B4A-11D0-8D11-00A0C91BC942}") = "user", "user\user.vcxproj", "{83827C03-846D-43E0-A110-99394C36559B}"
EndProject
Global
	GlobalSection(SolutionConfigurationPlatforms) = preSolution
		Debug|x64 = Debug|x64
		Release|x64 = Release|x64
	EndGlobalSection
	GlobalSection(ProjectConfigurationPlatforms) = postSolution
		{80B62FDF-4CBA-47A0-818D-1573C66A2340}.Debug|x64.ActiveCfg = Debug|x64
		{80B62FDF-4CBA-47A0-818D-1573C66A2340}.Debug|x64.Build.0 = Debug|x64
		{80B62FDF-4CBA-47A0-818D-1573C66A2340}.Debug|x64.Deploy.0 = Debug|x64
		{80B62FDF-4CBA-47A0-818D-1573C66A2340}.Release|x64.ActiveCfg = Release|x64
		{80B62FDF-4CBA-47A0-818D-1573C66A2340}.Release|x64.Build.0 = Release|x64
		{80B62FDF-4CBA-47A0-818D-1573C66A2340}.Release|x64.Deploy.0 = Release|x64
		{83827C03-846D-43E0-A110-99394C36559B}.Debug|x64.ActiveCfg = Debug|x64
		{83827C03-846D-43E0-A110-99394C36559B}.Debug|x64.Build.0 = Debug|x64
		{83827C03-846D-43E0-A110-99394C36559B}.Debug|x64.Deploy.0 = Debug|x64
		{83827C03-846D-43E0-A110-99394C36559B}.Release|x64.ActiveCfg = Release|x64
		{83827C03-846D-43E0-A110-99394C36559B}.Release|x64.Build.0 = Release|x64
	EndGlobalSection
	GlobalSection(SolutionProperties) = preSolution
		HideSolutionNode = FALSE
	EndGlobalSection
	GlobalSection(ExtensibilityGlobals) = postSolution
		SolutionGuid = {1FE598E5-B259-4239-ADD9-5985F3581B57}
	EndGlobalSection
EndGlobal
